PODS:
  - Kingfisher (4.7.0)
  - libExample (1.0.0):
    - Kingfisher (~> 4.7.0)

DEPENDENCIES:
  - libExample (~> 1.0.0)

SPEC REPOS:
  https://github.com/CocoaPods/Specs.git:
    - Kingfisher
  https://github.com/edualb/CocoapodsPrivate.git:
    - libExample

SPEC CHECKSUMS:
  Kingfisher: da6b005aa96d37698e3e4f1ccfe96a5b9bbf27d6
  libExample: ca78e75a4fbd52ccdb1fe5b0d15520432403610d

PODFILE CHECKSUM: 913fc91aa4dbea156ede0004a15d3adc5d3a731d

COCOAPODS: 1.8.4
