PODS:
  - cocoapodsAndSpm (0.4.0):
    - Kingfisher (~> 4.9.0)
  - Kingfisher (4.9.0)

DEPENDENCIES:
  - cocoapodsAndSpm (from `../`)

SPEC REPOS:
  trunk:
    - Kingfisher

EXTERNAL SOURCES:
  cocoapodsAndSpm:
    :path: "../"

SPEC CHECKSUMS:
  cocoapodsAndSpm: 296610e573c19e184f67586cd1f2fcea503e3dca
  Kingfisher: 64539b51826b778206daa6ed815d12653caa69dd

PODFILE CHECKSUM: e7c9cb22ad72ac902d01069bdd773c6fa410b1cf

COCOAPODS: 1.8.4
